Microsoft Visual Studio Solution File, Format Version 12.00
# Visual Studio Version 17
VisualStudioVersion = 17.5.33530.505
MinimumVisualStudioVersion = 10.0.40219.1
Project("{F184B08F-C81C-45F6-A57F-5ABD9991F28F}") = "Ab.Sanad", "Ab.Sanad\Ab.Sanad.vbproj", "{6B369F7E-DE1A-433F-89B4-DE47DCAC700F}"
EndProject
Project("{F184B08F-C81C-45F6-A57F-5ABD9991F28F}") = "Ab.abMahiatKalaVahedeTejari", "Ab.abMahiatKalaVahedTejari\Ab.abMahiatKalaVahedeTejari.vbproj", "{CD6034E0-396A-4331-8196-275A8F5B4F8C}"
EndProject
Project("{F184B08F-C81C-45F6-A57F-5ABD9991F28F}") = "Ab.AnbarGardani", "Ab.AnbarGardani\Ab.AnbarGardani.vbproj", "{1F386D23-DD12-45AA-98AE-A7AFD56ECCC8}"
EndProject
Project("{F184B08F-C81C-45F6-A57F-5ABD9991F28F}") = "Anbar", "Ab.Application\Anbar.vbproj", "{CD3B7B97-53F8-43C5-AC29-B387D0897974}"
EndProject
Project("{F184B08F-C81C-45F6-A57F-5ABD9991F28F}") = "Ab.Chideman", "Ab.Chideman\Ab.Chideman.vbproj", "{DA083018-682F-4F46-8D7E-7FD86AD00D3F}"
EndProject
Project("{F184B08F-C81C-45F6-A57F-5ABD9991F28F}") = "Ab.Common", "Ab.Common\Ab.Common.vbproj", "{7E3D55BA-638E-4D05-9436-C35D69D6199F}"
EndProject
Project("{F184B08F-C81C-45F6-A57F-5ABD9991F28F}") = "Ab.Hesabdari", "Ab.Hesabdari\Ab.Hesabdari.vbproj", "{28F8B2B9-2F3E-4968-8C4E-395894F69797}"
EndProject
Project("{F184B08F-C81C-45F6-A57F-5ABD9991F28F}") = "Ab.Peykarbandi", "Ab.Peykarbandi\Ab.Peykarbandi.vbproj", "{464E348B-6AC6-4227-84BD-90B91975FAC4}"
EndProject
Project("{F184B08F-C81C-45F6-A57F-5ABD9991F28F}") = "Ab.QC", "Ab.QC\Ab.QC.vbproj", "{297F219A-9F02-44DD-A7FE-CEB4A35E9EEE}"
EndProject
Project("{F184B08F-C81C-45F6-A57F-5ABD9991F28F}") = "Ab.RezervKala", "Ab.RezervKala\Ab.RezervKala.vbproj", "{597D94D1-C220-4977-B218-C112B40C38EB}"
EndProject
Project("{F184B08F-C81C-45F6-A57F-5ABD9991F28F}") = "Ab.Services", "Ab.Services\Ab.Services.vbproj", "{8AFF5615-69C5-4FC9-8B41-00E34CA8D42C}"
EndProject
Project("{F184B08F-C81C-45F6-A57F-5ABD9991F28F}") = "Ab.Report", "Ab.Report\Ab.Report.vbproj", "{A03AD770-42BB-4544-8A9B-EB66F43422F8}"
EndProject
Project("{F184B08F-C81C-45F6-A57F-5ABD9991F28F}") = "Anbar.DAL", "Anbar.DAL\Anbar.DAL.vbproj", "{D98F230C-9BC5-4032-B087-8876BCE09B1D}"
EndProject
Project("{F184B08F-C81C-45F6-A57F-5ABD9991F28F}") = "Anbar.BRL", "Anbar.BRL\Anbar.BRL.vbproj", "{9448D542-CB5F-468F-8BD1-2E47510B2FF6}"
EndProject
Project("{F184B08F-C81C-45F6-A57F-5ABD9991F28F}") = "Anbar.WebService", "Anbar.WebService\Anbar.WebService.vbproj", "{FC6133F3-B841-40D2-A057-247E37C924B9}"
EndProject
Global
	GlobalSection(SolutionConfigurationPlatforms) = preSolution
		Debug|Any CPU = Debug|Any CPU
		Debug|Mixed Platforms = Debug|Mixed Platforms
		Debug|x64 = Debug|x64
		Debug|x86 = Debug|x86
		Release|Any CPU = Release|Any CPU
		Release|Mixed Platforms = Release|Mixed Platforms
		Release|x64 = Release|x64
		Release|x86 = Release|x86
	EndGlobalSection
	GlobalSection(ProjectConfigurationPlatforms) = postSolution
		{6B369F7E-DE1A-433F-89B4-DE47DCAC700F}.Debug|Any CPU.ActiveCfg = Debug|Any CPU
		{6B369F7E-DE1A-433F-89B4-DE47DCAC700F}.Debug|Any CPU.Build.0 = Debug|Any CPU
		{6B369F7E-DE1A-433F-89B4-DE47DCAC700F}.Debug|Mixed Platforms.ActiveCfg = Debug|Any CPU
		{6B369F7E-DE1A-433F-89B4-DE47DCAC700F}.Debug|Mixed Platforms.Build.0 = Debug|Any CPU
		{6B369F7E-DE1A-433F-89B4-DE47DCAC700F}.Debug|x64.ActiveCfg = Debug|x64
		{6B369F7E-DE1A-433F-89B4-DE47DCAC700F}.Debug|x64.Build.0 = Debug|x64
		{6B369F7E-DE1A-433F-89B4-DE47DCAC700F}.Debug|x86.ActiveCfg = Debug|x86
		{6B369F7E-DE1A-433F-89B4-DE47DCAC700F}.Debug|x86.Build.0 = Debug|x86
		{6B369F7E-DE1A-433F-89B4-DE47DCAC700F}.Release|Any CPU.ActiveCfg = Release|Any CPU
		{6B369F7E-DE1A-433F-89B4-DE47DCAC700F}.Release|Any CPU.Build.0 = Release|Any CPU
		{6B369F7E-DE1A-433F-89B4-DE47DCAC700F}.Release|Mixed Platforms.ActiveCfg = Release|Any CPU
		{6B369F7E-DE1A-433F-89B4-DE47DCAC700F}.Release|Mixed Platforms.Build.0 = Release|Any CPU
		{6B369F7E-DE1A-433F-89B4-DE47DCAC700F}.Release|x64.ActiveCfg = Release|x64
		{6B369F7E-DE1A-433F-89B4-DE47DCAC700F}.Release|x64.Build.0 = Release|x64
		{6B369F7E-DE1A-433F-89B4-DE47DCAC700F}.Release|x86.ActiveCfg = Release|x86
		{6B369F7E-DE1A-433F-89B4-DE47DCAC700F}.Release|x86.Build.0 = Release|x86
		{CD6034E0-396A-4331-8196-275A8F5B4F8C}.Debug|Any CPU.ActiveCfg = Debug|Any CPU
		{CD6034E0-396A-4331-8196-275A8F5B4F8C}.Debug|Any CPU.Build.0 = Debug|Any CPU
		{CD6034E0-396A-4331-8196-275A8F5B4F8C}.Debug|Mixed Platforms.ActiveCfg = Debug|Any CPU
		{CD6034E0-396A-4331-8196-275A8F5B4F8C}.Debug|Mixed Platforms.Build.0 = Debug|Any CPU
		{CD6034E0-396A-4331-8196-275A8F5B4F8C}.Debug|x64.ActiveCfg = Debug|x64
		{CD6034E0-396A-4331-8196-275A8F5B4F8C}.Debug|x64.Build.0 = Debug|x64
		{CD6034E0-396A-4331-8196-275A8F5B4F8C}.Debug|x86.ActiveCfg = Debug|x86
		{CD6034E0-396A-4331-8196-275A8F5B4F8C}.Debug|x86.Build.0 = Debug|x86
		{CD6034E0-396A-4331-8196-275A8F5B4F8C}.Release|Any CPU.ActiveCfg = Release|Any CPU
		{CD6034E0-396A-4331-8196-275A8F5B4F8C}.Release|Any CPU.Build.0 = Release|Any CPU
		{CD6034E0-396A-4331-8196-275A8F5B4F8C}.Release|Mixed Platforms.ActiveCfg = Release|Any CPU
		{CD6034E0-396A-4331-8196-275A8F5B4F8C}.Release|Mixed Platforms.Build.0 = Release|Any CPU
		{CD6034E0-396A-4331-8196-275A8F5B4F8C}.Release|x64.ActiveCfg = Release|x64
		{CD6034E0-396A-4331-8196-275A8F5B4F8C}.Release|x64.Build.0 = Release|x64
		{CD6034E0-396A-4331-8196-275A8F5B4F8C}.Release|x86.ActiveCfg = Release|x86
		{CD6034E0-396A-4331-8196-275A8F5B4F8C}.Release|x86.Build.0 = Release|x86
		{1F386D23-DD12-45AA-98AE-A7AFD56ECCC8}.Debug|Any CPU.ActiveCfg = Debug|Any CPU
		{1F386D23-DD12-45AA-98AE-A7AFD56ECCC8}.Debug|Any CPU.Build.0 = Debug|Any CPU
		{1F386D23-DD12-45AA-98AE-A7AFD56ECCC8}.Debug|Mixed Platforms.ActiveCfg = Debug|Any CPU
		{1F386D23-DD12-45AA-98AE-A7AFD56ECCC8}.Debug|Mixed Platforms.Build.0 = Debug|Any CPU
		{1F386D23-DD12-45AA-98AE-A7AFD56ECCC8}.Debug|x64.ActiveCfg = Debug|x64
		{1F386D23-DD12-45AA-98AE-A7AFD56ECCC8}.Debug|x64.Build.0 = Debug|x64
		{1F386D23-DD12-45AA-98AE-A7AFD56ECCC8}.Debug|x86.ActiveCfg = Debug|x86
		{1F386D23-DD12-45AA-98AE-A7AFD56ECCC8}.Debug|x86.Build.0 = Debug|x86
		{1F386D23-DD12-45AA-98AE-A7AFD56ECCC8}.Release|Any CPU.ActiveCfg = Release|Any CPU
		{1F386D23-DD12-45AA-98AE-A7AFD56ECCC8}.Release|Any CPU.Build.0 = Release|Any CPU
		{1F386D23-DD12-45AA-98AE-A7AFD56ECCC8}.Release|Mixed Platforms.ActiveCfg = Release|Any CPU
		{1F386D23-DD12-45AA-98AE-A7AFD56ECCC8}.Release|Mixed Platforms.Build.0 = Release|Any CPU
		{1F386D23-DD12-45AA-98AE-A7AFD56ECCC8}.Release|x64.ActiveCfg = Release|x64
		{1F386D23-DD12-45AA-98AE-A7AFD56ECCC8}.Release|x64.Build.0 = Release|x64
		{1F386D23-DD12-45AA-98AE-A7AFD56ECCC8}.Release|x86.ActiveCfg = Release|x86
		{1F386D23-DD12-45AA-98AE-A7AFD56ECCC8}.Release|x86.Build.0 = Release|x86
		{CD3B7B97-53F8-43C5-AC29-B387D0897974}.Debug|Any CPU.ActiveCfg = Debug|Any CPU
		{CD3B7B97-53F8-43C5-AC29-B387D0897974}.Debug|Any CPU.Build.0 = Debug|Any CPU
		{CD3B7B97-53F8-43C5-AC29-B387D0897974}.Debug|Mixed Platforms.ActiveCfg = Debug|Any CPU
		{CD3B7B97-53F8-43C5-AC29-B387D0897974}.Debug|Mixed Platforms.Build.0 = Debug|Any CPU
		{CD3B7B97-53F8-43C5-AC29-B387D0897974}.Debug|x64.ActiveCfg = Debug|x64
		{CD3B7B97-53F8-43C5-AC29-B387D0897974}.Debug|x64.Build.0 = Debug|x64
		{CD3B7B97-53F8-43C5-AC29-B387D0897974}.Debug|x86.ActiveCfg = Debug|x86
		{CD3B7B97-53F8-43C5-AC29-B387D0897974}.Debug|x86.Build.0 = Debug|x86
		{CD3B7B97-53F8-43C5-AC29-B387D0897974}.Release|Any CPU.ActiveCfg = Release|Any CPU
		{CD3B7B97-53F8-43C5-AC29-B387D0897974}.Release|Any CPU.Build.0 = Release|Any CPU
		{CD3B7B97-53F8-43C5-AC29-B387D0897974}.Release|Mixed Platforms.ActiveCfg = Release|Any CPU
		{CD3B7B97-53F8-43C5-AC29-B387D0897974}.Release|Mixed Platforms.Build.0 = Release|Any CPU
		{CD3B7B97-53F8-43C5-AC29-B387D0897974}.Release|x64.ActiveCfg = Release|x64
		{CD3B7B97-53F8-43C5-AC29-B387D0897974}.Release|x64.Build.0 = Release|x64
		{CD3B7B97-53F8-43C5-AC29-B387D0897974}.Release|x86.ActiveCfg = Release|x86
		{CD3B7B97-53F8-43C5-AC29-B387D0897974}.Release|x86.Build.0 = Release|x86
		{DA083018-682F-4F46-8D7E-7FD86AD00D3F}.Debug|Any CPU.ActiveCfg = Debug|Any CPU
		{DA083018-682F-4F46-8D7E-7FD86AD00D3F}.Debug|Any CPU.Build.0 = Debug|Any CPU
		{DA083018-682F-4F46-8D7E-7FD86AD00D3F}.Debug|Mixed Platforms.ActiveCfg = Debug|Any CPU
		{DA083018-682F-4F46-8D7E-7FD86AD00D3F}.Debug|Mixed Platforms.Build.0 = Debug|Any CPU
		{DA083018-682F-4F46-8D7E-7FD86AD00D3F}.Debug|x64.ActiveCfg = Debug|x64
		{DA083018-682F-4F46-8D7E-7FD86AD00D3F}.Debug|x64.Build.0 = Debug|x64
		{DA083018-682F-4F46-8D7E-7FD86AD00D3F}.Debug|x86.ActiveCfg = Debug|x86
		{DA083018-682F-4F46-8D7E-7FD86AD00D3F}.Debug|x86.Build.0 = Debug|x86
		{DA083018-682F-4F46-8D7E-7FD86AD00D3F}.Release|Any CPU.ActiveCfg = Release|Any CPU
		{DA083018-682F-4F46-8D7E-7FD86AD00D3F}.Release|Any CPU.Build.0 = Release|Any CPU
		{DA083018-682F-4F46-8D7E-7FD86AD00D3F}.Release|Mixed Platforms.ActiveCfg = Release|Any CPU
		{DA083018-682F-4F46-8D7E-7FD86AD00D3F}.Release|Mixed Platforms.Build.0 = Release|Any CPU
		{DA083018-682F-4F46-8D7E-7FD86AD00D3F}.Release|x64.ActiveCfg = Release|x64
		{DA083018-682F-4F46-8D7E-7FD86AD00D3F}.Release|x64.Build.0 = Release|x64
		{DA083018-682F-4F46-8D7E-7FD86AD00D3F}.Release|x86.ActiveCfg = Release|x86
		{DA083018-682F-4F46-8D7E-7FD86AD00D3F}.Release|x86.Build.0 = Release|x86
		{7E3D55BA-638E-4D05-9436-C35D69D6199F}.Debug|Any CPU.ActiveCfg = Debug|Any CPU
		{7E3D55BA-638E-4D05-9436-C35D69D6199F}.Debug|Any CPU.Build.0 = Debug|Any CPU
		{7E3D55BA-638E-4D05-9436-C35D69D6199F}.Debug|Mixed Platforms.ActiveCfg = Debug|Any CPU
		{7E3D55BA-638E-4D05-9436-C35D69D6199F}.Debug|Mixed Platforms.Build.0 = Debug|Any CPU
		{7E3D55BA-638E-4D05-9436-C35D69D6199F}.Debug|x64.ActiveCfg = Debug|x64
		{7E3D55BA-638E-4D05-9436-C35D69D6199F}.Debug|x64.Build.0 = Debug|x64
		{7E3D55BA-638E-4D05-9436-C35D69D6199F}.Debug|x86.ActiveCfg = Debug|x86
		{7E3D55BA-638E-4D05-9436-C35D69D6199F}.Debug|x86.Build.0 = Debug|x86
		{7E3D55BA-638E-4D05-9436-C35D69D6199F}.Release|Any CPU.ActiveCfg = Release|Any CPU
		{7E3D55BA-638E-4D05-9436-C35D69D6199F}.Release|Any CPU.Build.0 = Release|Any CPU
		{7E3D55BA-638E-4D05-9436-C35D69D6199F}.Release|Mixed Platforms.ActiveCfg = Release|Any CPU
		{7E3D55BA-638E-4D05-9436-C35D69D6199F}.Release|Mixed Platforms.Build.0 = Release|Any CPU
		{7E3D55BA-638E-4D05-9436-C35D69D6199F}.Release|x64.ActiveCfg = Release|x64
		{7E3D55BA-638E-4D05-9436-C35D69D6199F}.Release|x64.Build.0 = Release|x64
		{7E3D55BA-638E-4D05-9436-C35D69D6199F}.Release|x86.ActiveCfg = Release|x86
		{7E3D55BA-638E-4D05-9436-C35D69D6199F}.Release|x86.Build.0 = Release|x86
		{28F8B2B9-2F3E-4968-8C4E-395894F69797}.Debug|Any CPU.ActiveCfg = Debug|Any CPU
		{28F8B2B9-2F3E-4968-8C4E-395894F69797}.Debug|Any CPU.Build.0 = Debug|Any CPU
		{28F8B2B9-2F3E-4968-8C4E-395894F69797}.Debug|Mixed Platforms.ActiveCfg = Debug|Any CPU
		{28F8B2B9-2F3E-4968-8C4E-395894F69797}.Debug|Mixed Platforms.Build.0 = Debug|Any CPU
		{28F8B2B9-2F3E-4968-8C4E-395894F69797}.Debug|x64.ActiveCfg = Debug|x64
		{28F8B2B9-2F3E-4968-8C4E-395894F69797}.Debug|x64.Build.0 = Debug|x64
		{28F8B2B9-2F3E-4968-8C4E-395894F69797}.Debug|x86.ActiveCfg = Debug|x86
		{28F8B2B9-2F3E-4968-8C4E-395894F69797}.Debug|x86.Build.0 = Debug|x86
		{28F8B2B9-2F3E-4968-8C4E-395894F69797}.Release|Any CPU.ActiveCfg = Release|Any CPU
		{28F8B2B9-2F3E-4968-8C4E-395894F69797}.Release|Any CPU.Build.0 = Release|Any CPU
		{28F8B2B9-2F3E-4968-8C4E-395894F69797}.Release|Mixed Platforms.ActiveCfg = Release|Any CPU
		{28F8B2B9-2F3E-4968-8C4E-395894F69797}.Release|Mixed Platforms.Build.0 = Release|Any CPU
		{28F8B2B9-2F3E-4968-8C4E-395894F69797}.Release|x64.ActiveCfg = Release|x64
		{28F8B2B9-2F3E-4968-8C4E-395894F69797}.Release|x64.Build.0 = Release|x64
		{28F8B2B9-2F3E-4968-8C4E-395894F69797}.Release|x86.ActiveCfg = Release|x86
		{28F8B2B9-2F3E-4968-8C4E-395894F69797}.Release|x86.Build.0 = Release|x86
		{464E348B-6AC6-4227-84BD-90B91975FAC4}.Debug|Any CPU.ActiveCfg = Debug|Any CPU
		{464E348B-6AC6-4227-84BD-90B91975FAC4}.Debug|Any CPU.Build.0 = Debug|Any CPU
		{464E348B-6AC6-4227-84BD-90B91975FAC4}.Debug|Mixed Platforms.ActiveCfg = Debug|Any CPU
		{464E348B-6AC6-4227-84BD-90B91975FAC4}.Debug|Mixed Platforms.Build.0 = Debug|Any CPU
		{464E348B-6AC6-4227-84BD-90B91975FAC4}.Debug|x64.ActiveCfg = Debug|x64
		{464E348B-6AC6-4227-84BD-90B91975FAC4}.Debug|x64.Build.0 = Debug|x64
		{464E348B-6AC6-4227-84BD-90B91975FAC4}.Debug|x86.ActiveCfg = Debug|x86
		{464E348B-6AC6-4227-84BD-90B91975FAC4}.Debug|x86.Build.0 = Debug|x86
		{464E348B-6AC6-4227-84BD-90B91975FAC4}.Release|Any CPU.ActiveCfg = Release|Any CPU
		{464E348B-6AC6-4227-84BD-90B91975FAC4}.Release|Any CPU.Build.0 = Release|Any CPU
		{464E348B-6AC6-4227-84BD-90B91975FAC4}.Release|Mixed Platforms.ActiveCfg = Release|Any CPU
		{464E348B-6AC6-4227-84BD-90B91975FAC4}.Release|Mixed Platforms.Build.0 = Release|Any CPU
		{464E348B-6AC6-4227-84BD-90B91975FAC4}.Release|x64.ActiveCfg = Release|x64
		{464E348B-6AC6-4227-84BD-90B91975FAC4}.Release|x64.Build.0 = Release|x64
		{464E348B-6AC6-4227-84BD-90B91975FAC4}.Release|x86.ActiveCfg = Release|x86
		{464E348B-6AC6-4227-84BD-90B91975FAC4}.Release|x86.Build.0 = Release|x86
		{297F219A-9F02-44DD-A7FE-CEB4A35E9EEE}.Debug|Any CPU.ActiveCfg = Debug|Any CPU
		{297F219A-9F02-44DD-A7FE-CEB4A35E9EEE}.Debug|Any CPU.Build.0 = Debug|Any CPU
		{297F219A-9F02-44DD-A7FE-CEB4A35E9EEE}.Debug|Mixed Platforms.ActiveCfg = Debug|Any CPU
		{297F219A-9F02-44DD-A7FE-CEB4A35E9EEE}.Debug|Mixed Platforms.Build.0 = Debug|Any CPU
		{297F219A-9F02-44DD-A7FE-CEB4A35E9EEE}.Debug|x64.ActiveCfg = Debug|x64
		{297F219A-9F02-44DD-A7FE-CEB4A35E9EEE}.Debug|x64.Build.0 = Debug|x64
		{297F219A-9F02-44DD-A7FE-CEB4A35E9EEE}.Debug|x86.ActiveCfg = Debug|x86
		{297F219A-9F02-44DD-A7FE-CEB4A35E9EEE}.Debug|x86.Build.0 = Debug|x86
		{297F219A-9F02-44DD-A7FE-CEB4A35E9EEE}.Release|Any CPU.ActiveCfg = Release|Any CPU
		{297F219A-9F02-44DD-A7FE-CEB4A35E9EEE}.Release|Any CPU.Build.0 = Release|Any CPU
		{297F219A-9F02-44DD-A7FE-CEB4A35E9EEE}.Release|Mixed Platforms.ActiveCfg = Release|Any CPU
		{297F219A-9F02-44DD-A7FE-CEB4A35E9EEE}.Release|Mixed Platforms.Build.0 = Release|Any CPU
		{297F219A-9F02-44DD-A7FE-CEB4A35E9EEE}.Release|x64.ActiveCfg = Release|x64
		{297F219A-9F02-44DD-A7FE-CEB4A35E9EEE}.Release|x64.Build.0 = Release|x64
		{297F219A-9F02-44DD-A7FE-CEB4A35E9EEE}.Release|x86.ActiveCfg = Release|x86
		{297F219A-9F02-44DD-A7FE-CEB4A35E9EEE}.Release|x86.Build.0 = Release|x86
		{597D94D1-C220-4977-B218-C112B40C38EB}.Debug|Any CPU.ActiveCfg = Debug|Any CPU
		{597D94D1-C220-4977-B218-C112B40C38EB}.Debug|Any CPU.Build.0 = Debug|Any CPU
		{597D94D1-C220-4977-B218-C112B40C38EB}.Debug|Mixed Platforms.ActiveCfg = Debug|Any CPU
		{597D94D1-C220-4977-B218-C112B40C38EB}.Debug|Mixed Platforms.Build.0 = Debug|Any CPU
		{597D94D1-C220-4977-B218-C112B40C38EB}.Debug|x64.ActiveCfg = Debug|x64
		{597D94D1-C220-4977-B218-C112B40C38EB}.Debug|x64.Build.0 = Debug|x64
		{597D94D1-C220-4977-B218-C112B40C38EB}.Debug|x86.ActiveCfg = Debug|x86
		{597D94D1-C220-4977-B218-C112B40C38EB}.Debug|x86.Build.0 = Debug|x86
		{597D94D1-C220-4977-B218-C112B40C38EB}.Release|Any CPU.ActiveCfg = Release|Any CPU
		{597D94D1-C220-4977-B218-C112B40C38EB}.Release|Any CPU.Build.0 = Release|Any CPU
		{597D94D1-C220-4977-B218-C112B40C38EB}.Release|Mixed Platforms.ActiveCfg = Release|Any CPU
		{597D94D1-C220-4977-B218-C112B40C38EB}.Release|Mixed Platforms.Build.0 = Release|Any CPU
		{597D94D1-C220-4977-B218-C112B40C38EB}.Release|x64.ActiveCfg = Release|x64
		{597D94D1-C220-4977-B218-C112B40C38EB}.Release|x64.Build.0 = Release|x64
		{597D94D1-C220-4977-B218-C112B40C38EB}.Release|x86.ActiveCfg = Release|x86
		{597D94D1-C220-4977-B218-C112B40C38EB}.Release|x86.Build.0 = Release|x86
		{8AFF5615-69C5-4FC9-8B41-00E34CA8D42C}.Debug|Any CPU.ActiveCfg = Debug|Any CPU
		{8AFF5615-69C5-4FC9-8B41-00E34CA8D42C}.Debug|Any CPU.Build.0 = Debug|Any CPU
		{8AFF5615-69C5-4FC9-8B41-00E34CA8D42C}.Debug|Mixed Platforms.ActiveCfg = Debug|Any CPU
		{8AFF5615-69C5-4FC9-8B41-00E34CA8D42C}.Debug|Mixed Platforms.Build.0 = Debug|Any CPU
		{8AFF5615-69C5-4FC9-8B41-00E34CA8D42C}.Debug|x64.ActiveCfg = Debug|x64
		{8AFF5615-69C5-4FC9-8B41-00E34CA8D42C}.Debug|x64.Build.0 = Debug|x64
		{8AFF5615-69C5-4FC9-8B41-00E34CA8D42C}.Debug|x86.ActiveCfg = Debug|x86
		{8AFF5615-69C5-4FC9-8B41-00E34CA8D42C}.Debug|x86.Build.0 = Debug|x86
		{8AFF5615-69C5-4FC9-8B41-00E34CA8D42C}.Release|Any CPU.ActiveCfg = Release|Any CPU
		{8AFF5615-69C5-4FC9-8B41-00E34CA8D42C}.Release|Any CPU.Build.0 = Release|Any CPU
		{8AFF5615-69C5-4FC9-8B41-00E34CA8D42C}.Release|Mixed Platforms.ActiveCfg = Release|Any CPU
		{8AFF5615-69C5-4FC9-8B41-00E34CA8D42C}.Release|Mixed Platforms.Build.0 = Release|Any CPU
		{8AFF5615-69C5-4FC9-8B41-00E34CA8D42C}.Release|x64.ActiveCfg = Release|x64
		{8AFF5615-69C5-4FC9-8B41-00E34CA8D42C}.Release|x64.Build.0 = Release|x64
		{8AFF5615-69C5-4FC9-8B41-00E34CA8D42C}.Release|x86.ActiveCfg = Release|x86
		{8AFF5615-69C5-4FC9-8B41-00E34CA8D42C}.Release|x86.Build.0 = Release|x86
		{A03AD770-42BB-4544-8A9B-EB66F43422F8}.Debug|Any CPU.ActiveCfg = Debug|Any CPU
		{A03AD770-42BB-4544-8A9B-EB66F43422F8}.Debug|Any CPU.Build.0 = Debug|Any CPU
		{A03AD770-42BB-4544-8A9B-EB66F43422F8}.Debug|Mixed Platforms.ActiveCfg = Debug|Any CPU
		{A03AD770-42BB-4544-8A9B-EB66F43422F8}.Debug|Mixed Platforms.Build.0 = Debug|Any CPU
		{A03AD770-42BB-4544-8A9B-EB66F43422F8}.Debug|x64.ActiveCfg = Debug|x64
		{A03AD770-42BB-4544-8A9B-EB66F43422F8}.Debug|x64.Build.0 = Debug|x64
		{A03AD770-42BB-4544-8A9B-EB66F43422F8}.Debug|x86.ActiveCfg = Debug|x86
		{A03AD770-42BB-4544-8A9B-EB66F43422F8}.Debug|x86.Build.0 = Debug|x86
		{A03AD770-42BB-4544-8A9B-EB66F43422F8}.Release|Any CPU.ActiveCfg = Release|Any CPU
		{A03AD770-42BB-4544-8A9B-EB66F43422F8}.Release|Any CPU.Build.0 = Release|Any CPU
		{A03AD770-42BB-4544-8A9B-EB66F43422F8}.Release|Mixed Platforms.ActiveCfg = Release|Any CPU
		{A03AD770-42BB-4544-8A9B-EB66F43422F8}.Release|Mixed Platforms.Build.0 = Release|Any CPU
		{A03AD770-42BB-4544-8A9B-EB66F43422F8}.Release|x64.ActiveCfg = Release|x64
		{A03AD770-42BB-4544-8A9B-EB66F43422F8}.Release|x64.Build.0 = Release|x64
		{A03AD770-42BB-4544-8A9B-EB66F43422F8}.Release|x86.ActiveCfg = Release|x86
		{A03AD770-42BB-4544-8A9B-EB66F43422F8}.Release|x86.Build.0 = Release|x86
		{D98F230C-9BC5-4032-B087-8876BCE09B1D}.Debug|Any CPU.ActiveCfg = Debug|Any CPU
		{D98F230C-9BC5-4032-B087-8876BCE09B1D}.Debug|Any CPU.Build.0 = Debug|Any CPU
		{D98F230C-9BC5-4032-B087-8876BCE09B1D}.Debug|Mixed Platforms.ActiveCfg = Debug|Any CPU
		{D98F230C-9BC5-4032-B087-8876BCE09B1D}.Debug|Mixed Platforms.Build.0 = Debug|Any CPU
		{D98F230C-9BC5-4032-B087-8876BCE09B1D}.Debug|x64.ActiveCfg = Debug|Any CPU
		{D98F230C-9BC5-4032-B087-8876BCE09B1D}.Debug|x86.ActiveCfg = Debug|x86
		{D98F230C-9BC5-4032-B087-8876BCE09B1D}.Debug|x86.Build.0 = Debug|x86
		{D98F230C-9BC5-4032-B087-8876BCE09B1D}.Release|Any CPU.ActiveCfg = Release|Any CPU
		{D98F230C-9BC5-4032-B087-8876BCE09B1D}.Release|Any CPU.Build.0 = Release|Any CPU
		{D98F230C-9BC5-4032-B087-8876BCE09B1D}.Release|Mixed Platforms.ActiveCfg = Release|Any CPU
		{D98F230C-9BC5-4032-B087-8876BCE09B1D}.Release|Mixed Platforms.Build.0 = Release|Any CPU
		{D98F230C-9BC5-4032-B087-8876BCE09B1D}.Release|x64.ActiveCfg = Release|Any CPU
		{D98F230C-9BC5-4032-B087-8876BCE09B1D}.Release|x86.ActiveCfg = Release|x86
		{D98F230C-9BC5-4032-B087-8876BCE09B1D}.Release|x86.Build.0 = Release|x86
		{9448D542-CB5F-468F-8BD1-2E47510B2FF6}.Debug|Any CPU.ActiveCfg = Debug|Any CPU
		{9448D542-CB5F-468F-8BD1-2E47510B2FF6}.Debug|Any CPU.Build.0 = Debug|Any CPU
		{9448D542-CB5F-468F-8BD1-2E47510B2FF6}.Debug|Mixed Platforms.ActiveCfg = Debug|Any CPU
		{9448D542-CB5F-468F-8BD1-2E47510B2FF6}.Debug|Mixed Platforms.Build.0 = Debug|Any CPU
		{9448D542-CB5F-468F-8BD1-2E47510B2FF6}.Debug|x64.ActiveCfg = Debug|Any CPU
		{9448D542-CB5F-468F-8BD1-2E47510B2FF6}.Debug|x86.ActiveCfg = Debug|x86
		{9448D542-CB5F-468F-8BD1-2E47510B2FF6}.Debug|x86.Build.0 = Debug|x86
		{9448D542-CB5F-468F-8BD1-2E47510B2FF6}.Release|Any CPU.ActiveCfg = Release|Any CPU
		{9448D542-CB5F-468F-8BD1-2E47510B2FF6}.Release|Any CPU.Build.0 = Release|Any CPU
		{9448D542-CB5F-468F-8BD1-2E47510B2FF6}.Release|Mixed Platforms.ActiveCfg = Release|Any CPU
		{9448D542-CB5F-468F-8BD1-2E47510B2FF6}.Release|Mixed Platforms.Build.0 = Release|Any CPU
		{9448D542-CB5F-468F-8BD1-2E47510B2FF6}.Release|x64.ActiveCfg = Release|Any CPU
		{9448D542-CB5F-468F-8BD1-2E47510B2FF6}.Release|x86.ActiveCfg = Release|x86
		{9448D542-CB5F-468F-8BD1-2E47510B2FF6}.Release|x86.Build.0 = Release|x86
		{FC6133F3-B841-40D2-A057-247E37C924B9}.Debug|Any CPU.ActiveCfg = Debug|Any CPU
		{FC6133F3-B841-40D2-A057-247E37C924B9}.Debug|Any CPU.Build.0 = Debug|Any CPU
		{FC6133F3-B841-40D2-A057-247E37C924B9}.Debug|Mixed Platforms.ActiveCfg = Debug|Any CPU
		{FC6133F3-B841-40D2-A057-247E37C924B9}.Debug|Mixed Platforms.Build.0 = Debug|Any CPU
		{FC6133F3-B841-40D2-A057-247E37C924B9}.Debug|x64.ActiveCfg = Debug|x86
		{FC6133F3-B841-40D2-A057-247E37C924B9}.Debug|x86.ActiveCfg = Debug|x86
		{FC6133F3-B841-40D2-A057-247E37C924B9}.Debug|x86.Build.0 = Debug|x86
		{FC6133F3-B841-40D2-A057-247E37C924B9}.Release|Any CPU.ActiveCfg = Release|Any CPU
		{FC6133F3-B841-40D2-A057-247E37C924B9}.Release|Any CPU.Build.0 = Release|Any CPU
		{FC6133F3-B841-40D2-A057-247E37C924B9}.Release|Mixed Platforms.ActiveCfg = Release|Any CPU
		{FC6133F3-B841-40D2-A057-247E37C924B9}.Release|Mixed Platforms.Build.0 = Release|Any CPU
		{FC6133F3-B841-40D2-A057-247E37C924B9}.Release|x64.ActiveCfg = Release|x86
		{FC6133F3-B841-40D2-A057-247E37C924B9}.Release|x86.ActiveCfg = Release|x86
		{FC6133F3-B841-40D2-A057-247E37C924B9}.Release|x86.Build.0 = Release|x86
	EndGlobalSection
	GlobalSection(SolutionProperties) = preSolution
		HideSolutionNode = FALSE
	EndGlobalSection
	GlobalSection(ExtensibilityGlobals) = postSolution
		SolutionGuid = {A6996155-641C-4FD4-9C5C-ADD21224FF45}
	EndGlobalSection
	GlobalSection(TeamFoundationVersionControl) = preSolution
		SccNumberOfProjects = 1
		SccEnterpriseProvider = {4CA58AB2-18FA-4F8D-95D4-32DDF27D184C}
		SccTeamFoundationServer = http://tfs:8090/tfs/minoogroupit
		SccLocalPath0 = .
	EndGlobalSection
EndGlobal
